
Microsoft Visual Studio Solution File, Format Version 12.00
# Visual Studio Version 16
VisualStudioVersion = 16.0.34301.259
MinimumVisualStudioVersion = 10.0.40219.1
Project("{FAE04EC0-301F-11D3-BF4B-00C04F79EFBC}") = "WebAPI", "WebAPI.csproj", "{9EF9A95D-B756-43A1-B41D-CB0DECC92EBE}"
EndProject
Global
	GlobalSection(SolutionConfigurationPlatforms) = preSolution
		Debug|Any CPU = Debug|Any CPU
		Release|Any CPU = Release|Any CPU
	EndGlobalSection
	GlobalSection(ProjectConfigurationPlatforms) = postSolution
		{9EF9A95D-B756-43A1-B41D-CB0DECC92EBE}.Debug|Any CPU.ActiveCfg = Debug|Any CPU
		{9EF9A95D-B756-43A1-B41D-CB0DECC92EBE}.Debug|Any CPU.Build.0 = Debug|Any CPU
		{9EF9A95D-B756-43A1-B41D-CB0DECC92EBE}.Release|Any CPU.ActiveCfg = Release|Any CPU
		{9EF9A95D-B756-43A1-B41D-CB0DECC92EBE}.Release|Any CPU.Build.0 = Release|Any CPU
	EndGlobalSection
	GlobalSection(SolutionProperties) = preSolution
		HideSolutionNode = FALSE
	EndGlobalSection
	GlobalSection(ExtensibilityGlobals) = postSolution
		SolutionGuid = {F82F4999-E1F4-45A3-9BD3-FA060DE34B22}
	EndGlobalSection
EndGlobal
